
Microsoft Visual Studio Solution File, Format Version 12.00
# Visual Studio 15
Project("{FAE04EC0-301F-11D3-BF4B-00C04F79EFBC}") = "MobileMenu", "Assembly-CSharp.csproj", "{DD7444C1-551E-4304-2530-FF5DC2955E16}"
EndProject
Project("{FAE04EC0-301F-11D3-BF4B-00C04F79EFBC}") = "MobileMenu", "Assembly-CSharp-Editor.csproj", "{8BDF7C58-0750-179D-4B1D-5466A0122650}"
EndProject
Global
	GlobalSection(SolutionConfigurationPlatforms) = preSolution
		Debug|Any CPU = Debug|Any CPU
		Release|Any CPU = Release|Any CPU
	EndGlobalSection
	GlobalSection(ProjectConfigurationPlatforms) = postSolution
		{DD7444C1-551E-4304-2530-FF5DC2955E16}.Debug|Any CPU.ActiveCfg = Debug|Any CPU
		{DD7444C1-551E-4304-2530-FF5DC2955E16}.Debug|Any CPU.Build.0 = Debug|Any CPU
		{DD7444C1-551E-4304-2530-FF5DC2955E16}.Release|Any CPU.ActiveCfg = Release|Any CPU
		{DD7444C1-551E-4304-2530-FF5DC2955E16}.Release|Any CPU.Build.0 = Release|Any CPU
		{8BDF7C58-0750-179D-4B1D-5466A0122650}.Debug|Any CPU.ActiveCfg = Debug|Any CPU
		{8BDF7C58-0750-179D-4B1D-5466A0122650}.Debug|Any CPU.Build.0 = Debug|Any CPU
		{8BDF7C58-0750-179D-4B1D-5466A0122650}.Release|Any CPU.ActiveCfg = Release|Any CPU
		{8BDF7C58-0750-179D-4B1D-5466A0122650}.Release|Any CPU.Build.0 = Release|Any CPU
	EndGlobalSection
	GlobalSection(SolutionProperties) = preSolution
		HideSolutionNode = FALSE
	EndGlobalSection
EndGlobal
